
Microsoft Visual Studio Solution File, Format Version 12.00
Project("{FAE04EC0-301F-11D3-BF4B-00C04F79EFBC}") = "PoliceDepartment.Api", "PoliceDepartment.Api\PoliceDepartment.Api.csproj", "{E9B0FC7A-3E7D-4486-A150-5151E18F3619}"
EndProject
Project("{FAE04EC0-301F-11D3-BF4B-00C04F79EFBC}") = "PoliceDepartment.Core", "PoliceDepartment.Core\PoliceDepartment.Core.csproj", "{8CE232ED-75FD-4D61-A150-FDCC7E7FDE2A}"
EndProject
Project("{FAE04EC0-301F-11D3-BF4B-00C04F79EFBC}") = "PoliceDepartment.Infrastructure", "PoliceDepartment.Infrastructure\PoliceDepartment.Infrastructure.csproj", "{21808BE1-8F15-45EC-A660-3921B02840F6}"
EndProject
Project("{FAE04EC0-301F-11D3-BF4B-00C04F79EFBC}") = "PoliceDepartment.Application", "PoliceDepartment.Application\PoliceDepartment.Application.csproj", "{A87A7D63-68AD-4DB0-8DD6-F113A02B9DB1}"
EndProject
Project("{FAE04EC0-301F-11D3-BF4B-00C04F79EFBC}") = "PoliceDepartment.Test", "PoliceDepartment.Test\PoliceDepartment.Test.csproj", "{AF5069B6-0CB2-4202-A30A-981A86580DAB}"
EndProject
Global
	GlobalSection(SolutionConfigurationPlatforms) = preSolution
		Debug|Any CPU = Debug|Any CPU
		Release|Any CPU = Release|Any CPU
	EndGlobalSection
	GlobalSection(ProjectConfigurationPlatforms) = postSolution
		{E9B0FC7A-3E7D-4486-A150-5151E18F3619}.Debug|Any CPU.ActiveCfg = Debug|Any CPU
		{E9B0FC7A-3E7D-4486-A150-5151E18F3619}.Debug|Any CPU.Build.0 = Debug|Any CPU
		{E9B0FC7A-3E7D-4486-A150-5151E18F3619}.Release|Any CPU.ActiveCfg = Release|Any CPU
		{E9B0FC7A-3E7D-4486-A150-5151E18F3619}.Release|Any CPU.Build.0 = Release|Any CPU
		{8CE232ED-75FD-4D61-A150-FDCC7E7FDE2A}.Debug|Any CPU.ActiveCfg = Debug|Any CPU
		{8CE232ED-75FD-4D61-A150-FDCC7E7FDE2A}.Debug|Any CPU.Build.0 = Debug|Any CPU
		{8CE232ED-75FD-4D61-A150-FDCC7E7FDE2A}.Release|Any CPU.ActiveCfg = Release|Any CPU
		{8CE232ED-75FD-4D61-A150-FDCC7E7FDE2A}.Release|Any CPU.Build.0 = Release|Any CPU
		{21808BE1-8F15-45EC-A660-3921B02840F6}.Debug|Any CPU.ActiveCfg = Debug|Any CPU
		{21808BE1-8F15-45EC-A660-3921B02840F6}.Debug|Any CPU.Build.0 = Debug|Any CPU
		{21808BE1-8F15-45EC-A660-3921B02840F6}.Release|Any CPU.ActiveCfg = Release|Any CPU
		{21808BE1-8F15-45EC-A660-3921B02840F6}.Release|Any CPU.Build.0 = Release|Any CPU
		{A87A7D63-68AD-4DB0-8DD6-F113A02B9DB1}.Debug|Any CPU.ActiveCfg = Debug|Any CPU
		{A87A7D63-68AD-4DB0-8DD6-F113A02B9DB1}.Debug|Any CPU.Build.0 = Debug|Any CPU
		{A87A7D63-68AD-4DB0-8DD6-F113A02B9DB1}.Release|Any CPU.ActiveCfg = Release|Any CPU
		{A87A7D63-68AD-4DB0-8DD6-F113A02B9DB1}.Release|Any CPU.Build.0 = Release|Any CPU
		{AF5069B6-0CB2-4202-A30A-981A86580DAB}.Debug|Any CPU.ActiveCfg = Debug|Any CPU
		{AF5069B6-0CB2-4202-A30A-981A86580DAB}.Debug|Any CPU.Build.0 = Debug|Any CPU
		{AF5069B6-0CB2-4202-A30A-981A86580DAB}.Release|Any CPU.ActiveCfg = Release|Any CPU
		{AF5069B6-0CB2-4202-A30A-981A86580DAB}.Release|Any CPU.Build.0 = Release|Any CPU
	EndGlobalSection
EndGlobal
